PODS:
  - Alamofire (4.0.1)
  - TUSafariActivity (1.0.4)

DEPENDENCIES:
  - Alamofire (~> 4.0)
  - TUSafariActivity (~> 1.0)

SPEC CHECKSUMS:
  Alamofire: 7682d43245de14874acd142ec137b144aa1dd335
  TUSafariActivity: afc55a00965377939107ce4fdc7f951f62454546

PODFILE CHECKSUM: 71cb1709b337a928be014a309e925d2a31bf125e

COCOAPODS: 1.1.1
