PODS:
  - Alamofire (4.8.2)
  - AlamofireImage (3.5.2):
    - Alamofire (~> 4.8)
  - AlamofireNetworkActivityIndicator (2.4.0):
    - Alamofire (~> 4.8)
  - Crashlytics (3.13.1):
    - Fabric (~> 1.10.1)
  - Fabric (1.10.1)
  - Mockingjay (2.0.1):
    - Mockingjay/Core (= 2.0.1)
    - Mockingjay/XCTest (= 2.0.1)
  - Mockingjay/Core (2.0.1):
    - URITemplate (~> 2.0)
  - Mockingjay/XCTest (2.0.1):
    - Mockingjay/Core
  - Realm (3.16.1):
    - Realm/Headers (= 3.16.1)
  - Realm/Headers (3.16.1)
  - RealmSwift (3.16.1):
    - Realm (= 3.16.1)
  - SideMenu (5.0.3)
  - Swinject (2.6.1)
  - SwinjectStoryboard (2.2.0):
    - Swinject (~> 2.6)
  - TUSafariActivity (1.0.4)
  - URITemplate (2.0.3)

DEPENDENCIES:
  - Alamofire
  - AlamofireImage
  - AlamofireNetworkActivityIndicator
  - Crashlytics
  - Fabric
  - Mockingjay
  - RealmSwift
  - SideMenu
  - Swinject
  - SwinjectStoryboard
  - TUSafariActivity

SPEC REPOS:
  https://github.com/cocoapods/specs.git:
    - Alamofire
    - AlamofireImage
    - AlamofireNetworkActivityIndicator
    - Crashlytics
    - Fabric
    - Mockingjay
    - Realm
    - RealmSwift
    - SideMenu
    - Swinject
    - SwinjectStoryboard
    - TUSafariActivity
    - URITemplate

SPEC CHECKSUMS:
  Alamofire: ae5c501addb7afdbb13687d7f2f722c78734c2d3
  AlamofireImage: 63cfe3baf1370be6c498149687cf6db3e3b00999
  AlamofireNetworkActivityIndicator: 9acc3de3ca6645bf0efed462396b0df13dd3e7b8
  Crashlytics: 5aa8e90dcbf2f34898b4f5a0037787531246cca0
  Fabric: f6f21452846788bb44595d73e9909d79d328e617
  Mockingjay: 11a621880d2887f1775bdcf824341eb68f218450
  Realm: 601cacc51d8be3b17a377ef787be0f6ee0e76cf1
  RealmSwift: 486f2e09d5a8ccff63ed66e48d0846b111deb5e5
  SideMenu: 1dcaabce84538c53325c287f7fe62999379a641c
  Swinject: b624462f47b635a64f89a60a247baa5fccec14e1
  SwinjectStoryboard: 32512ef16c2b0ff5b8f823b23539c4a50f6d3383
  TUSafariActivity: afc55a00965377939107ce4fdc7f951f62454546
  URITemplate: ace0c4c46dcf8afe6e89b4060621852886b15c3b

PODFILE CHECKSUM: 1722d5f0b3cc75f65d869501116befb6fdd0ada6

COCOAPODS: 1.6.2
