{
  "object": {
    "pins": [
      {
        "package": "HTMLEntities",
        "repositoryURL": "https://github.com/IBM-Swift/swift-html-entities.git",
        "state": {
          "branch": null,
          "revision": "2b14531d0c36dbb7c1c45a4d38db9c2e7898a307",
          "version": "3.0.200"
        }
      },
      {
        "package": "swift-log",
        "repositoryURL": "https://github.com/apple/swift-log",
        "state": {
          "branch": null,
          "revision": "173f567a2dfec11d74588eea82cecea555bdc0bc",
          "version": "1.4.0"
        }
      },
      {
        "package": "SwiftyLogger",
        "repositoryURL": "https://github.com/district-web/SwiftyLogger",
        "state": {
          "branch": "master",
          "revision": "86ab7c966b928ec49a90db85124d46ba25880e95",
          "version": null
        }
      },
      {
        "package": "Swinject",
        "repositoryURL": "https://github.com/Swinject/Swinject",
        "state": {
          "branch": null,
          "revision": "8a76d2c74bafbb455763487cc6a08e91bad1f78b",
          "version": "2.7.1"
        }
      },
      {
        "package": "WallabagKit",
        "repositoryURL": "https://github.com/wallabag/WallabagKit.git",
        "state": {
          "branch": "master",
          "revision": "6f83586b893f876e447ae68d1f7c0508bdc8a3bb",
          "version": null
        }
      }
    ]
  },
  "version": 1
}
