// !$*UTF8*$!
{
	archiveVersion = 1;
	classes = {
	};
	objectVersion = 46;
	objects = {

/* Begin PBXBuildFile section */
		01971931BCF414226F407E96 /* Pods_wallabagTests.framework in Frameworks */ = {isa = PBXBuildFile; fileRef = 9C75DD9CC88FFD838573A351 /* Pods_wallabagTests.framework */; };
		621665201E0CFC2600438EE2 /* white.css in Resources */ = {isa = PBXBuildFile; fileRef = 6216651F1E0CFC2600438EE2 /* white.css */; };
		622923E91E10F8A5007B2307 /* dusk.css in Resources */ = {isa = PBXBuildFile; fileRef = 622923E81E10F8A5007B2307 /* dusk.css */; };
		94E4BE19881745BDBEBA546F /* Pods_bagit.framework in Frameworks */ = {isa = PBXBuildFile; fileRef = B96F6D5610DD6249AEA66D5F /* Pods_bagit.framework */; };
		9C0BF8BA1EC723CF00CEBE93 /* ArticlesUITests.swift in Sources */ = {isa = PBXBuildFile; fileRef = 9C0BF8B91EC723CF00CEBE93 /* ArticlesUITests.swift */; };
		9C181B881DB8E27000D941EB /* ArticlesTableViewController.swift in Sources */ = {isa = PBXBuildFile; fileRef = 9C181B871DB8E27000D941EB /* ArticlesTableViewController.swift */; };
		9C21927D1DBFF44700F628C2 /* ArticleTableViewCell.swift in Sources */ = {isa = PBXBuildFile; fileRef = 9C21927C1DBFF44700F628C2 /* ArticleTableViewCell.swift */; };
		9C25C9B81EEC99D700B97F6D /* TipViewController.swift in Sources */ = {isa = PBXBuildFile; fileRef = 9C25C9B71EEC99D700B97F6D /* TipViewController.swift */; };
		9C298B131E0BF8F400B72503 /* ThemeChoiceTableViewController.swift in Sources */ = {isa = PBXBuildFile; fileRef = 9C298B121E0BF8F400B72503 /* ThemeChoiceTableViewController.swift */; };
		9C2A2DAF1DD4A82A00EDA4E8 /* DictionaryTests.swift in Sources */ = {isa = PBXBuildFile; fileRef = 9C2A2DAE1DD4A82A00EDA4E8 /* DictionaryTests.swift */; };
		9C2A2DB21DD4A96B00EDA4E8 /* IntTests.swift in Sources */ = {isa = PBXBuildFile; fileRef = 9C2A2DB11DD4A96B00EDA4E8 /* IntTests.swift */; };
		9C2A2DB41DD4AA1D00EDA4E8 /* StringTests.swift in Sources */ = {isa = PBXBuildFile; fileRef = 9C2A2DB31DD4AA1D00EDA4E8 /* StringTests.swift */; };
		9C431D561E63094B0009439C /* Media.xcassets in Resources */ = {isa = PBXBuildFile; fileRef = 9C431D551E63094B0009439C /* Media.xcassets */; };
		9C4537921DD1236B00FF6CFE /* article.html in Resources */ = {isa = PBXBuildFile; fileRef = 9C45378E1DD1236B00FF6CFE /* article.html */; };
		9C4537931DD1236B00FF6CFE /* night.css in Resources */ = {isa = PBXBuildFile; fileRef = 9C45378F1DD1236B00FF6CFE /* night.css */; };
		9C4537941DD1236B00FF6CFE /* main.css in Resources */ = {isa = PBXBuildFile; fileRef = 9C4537901DD1236B00FF6CFE /* main.css */; };
		9C4537951DD1236B00FF6CFE /* ratatouille.css in Resources */ = {isa = PBXBuildFile; fileRef = 9C4537911DD1236B00FF6CFE /* ratatouille.css */; };
		9C4BFBE01EC08EF200B75EFB /* Entry+CoreDataClass.swift in Sources */ = {isa = PBXBuildFile; fileRef = 9C4BFBDE1EC08EF200B75EFB /* Entry+CoreDataClass.swift */; };
		9C4BFBE11EC08EF200B75EFB /* Entry+CoreDataProperties.swift in Sources */ = {isa = PBXBuildFile; fileRef = 9C4BFBDF1EC08EF200B75EFB /* Entry+CoreDataProperties.swift */; };
		9C5145251EEF2EE5005C40B4 /* StoreKit.framework in Frameworks */ = {isa = PBXBuildFile; fileRef = 9C5145241EEF2EE5005C40B4 /* StoreKit.framework */; };
		9C65DEB11DC5EE85002CA068 /* Int.swift in Sources */ = {isa = PBXBuildFile; fileRef = 9C65DEB01DC5EE85002CA068 /* Int.swift */; };
		9C75961C1DBB567E0096614B /* String.swift in Sources */ = {isa = PBXBuildFile; fileRef = 9C75961B1DBB567E0096614B /* String.swift */; };
		9C75961E1DBD59330096614B /* ArticleViewController.swift in Sources */ = {isa = PBXBuildFile; fileRef = 9C75961D1DBD59330096614B /* ArticleViewController.swift */; };
		9C77751D1DFB72AD00CB775F /* justify.css in Resources */ = {isa = PBXBuildFile; fileRef = 9C77751C1DFB72AD00CB775F /* justify.css */; };
		9C7B79E41EBF7E37004559B1 /* wallabag2.xcdatamodeld in Sources */ = {isa = PBXBuildFile; fileRef = 9C7B79E21EBF7E37004559B1 /* wallabag2.xcdatamodeld */; };
		9C7B79E61EBF8070004559B1 /* ArticleSync.swift in Sources */ = {isa = PBXBuildFile; fileRef = 9C7B79E51EBF8070004559B1 /* ArticleSync.swift */; };
		9C8311861E06F56C004ACD5D /* ThemedTableViewCell.swift in Sources */ = {isa = PBXBuildFile; fileRef = 9C8311851E06F56C004ACD5D /* ThemedTableViewCell.swift */; };
		9C8B20A21F2612BA0084BBAA /* VoiceChoiceTableViewController.swift in Sources */ = {isa = PBXBuildFile; fileRef = 9C8B20A11F2612BA0084BBAA /* VoiceChoiceTableViewController.swift */; };
		9C9034881E5A26D90074540B /* ThemeManager.swift in Sources */ = {isa = PBXBuildFile; fileRef = 9CCAC4001E0176CF002C6A66 /* ThemeManager.swift */; };
		9C914A4A1EBD1D6000973BA6 /* CoreData.swift in Sources */ = {isa = PBXBuildFile; fileRef = 9C914A491EBD1D6000973BA6 /* CoreData.swift */; };
		9C987A471DB79826005515F4 /* AppDelegate.swift in Sources */ = {isa = PBXBuildFile; fileRef = 9C987A461DB79826005515F4 /* AppDelegate.swift */; };
		9C987A4C1DB79826005515F4 /* Main.storyboard in Resources */ = {isa = PBXBuildFile; fileRef = 9C987A4A1DB79826005515F4 /* Main.storyboard */; };
		9C987A4F1DB79826005515F4 /* wallabag.xcdatamodeld in Sources */ = {isa = PBXBuildFile; fileRef = 9C987A4D1DB79826005515F4 /* wallabag.xcdatamodeld */; };
		9C987A511DB79826005515F4 /* Assets.xcassets in Resources */ = {isa = PBXBuildFile; fileRef = 9C987A501DB79826005515F4 /* Assets.xcassets */; };
		9C987A541DB79826005515F4 /* LaunchScreen.storyboard in Resources */ = {isa = PBXBuildFile; fileRef = 9C987A521DB79826005515F4 /* LaunchScreen.storyboard */; };
		9CA232301DFECE74006B29B8 /* light.css in Resources */ = {isa = PBXBuildFile; fileRef = 9CA2322F1DFECE74006B29B8 /* light.css */; };
		9CA9659B1F16B68B009C6377 /* White.swift in Sources */ = {isa = PBXBuildFile; fileRef = 9CA9659A1F16B68B009C6377 /* White.swift */; };
		9CA9659D1F16B6B9009C6377 /* Light.swift in Sources */ = {isa = PBXBuildFile; fileRef = 9CA9659C1F16B6B9009C6377 /* Light.swift */; };
		9CA9659F1F16B71E009C6377 /* Dusk.swift in Sources */ = {isa = PBXBuildFile; fileRef = 9CA9659E1F16B71E009C6377 /* Dusk.swift */; };
		9CA965A11F16B729009C6377 /* Night.swift in Sources */ = {isa = PBXBuildFile; fileRef = 9CA965A01F16B729009C6377 /* Night.swift */; };
		9CBA6C601E16FC2B000B9AE6 /* ShareViewController.swift in Sources */ = {isa = PBXBuildFile; fileRef = 9CBA6C5F1E16FC2B000B9AE6 /* ShareViewController.swift */; };
		9CBA6C671E16FC2B000B9AE6 /* bagit.appex in Embed App Extensions */ = {isa = PBXBuildFile; fileRef = 9CBA6C5D1E16FC2B000B9AE6 /* bagit.appex */; settings = {ATTRIBUTES = (RemoveHeadersOnCopy, ); }; };
		9CC0D71A1E22AB15002E4E94 /* wallabagScreenshotUITests.swift in Sources */ = {isa = PBXBuildFile; fileRef = 9CC0D7191E22AB15002E4E94 /* wallabagScreenshotUITests.swift */; };
		9CC0D7211E22AB55002E4E94 /* SnapshotHelper.swift in Sources */ = {isa = PBXBuildFile; fileRef = 9CFEF3B31DD9EC5D00126D15 /* SnapshotHelper.swift */; };
		9CC378931EB0BB4100C89619 /* Pods_bagit.framework in Frameworks */ = {isa = PBXBuildFile; fileRef = 9CC378921EB0BB4100C89619 /* Pods_bagit.framework */; };
		9CC4B0611DC5361000BC6830 /* Dictionary.swift in Sources */ = {isa = PBXBuildFile; fileRef = 9CC4B0601DC5361000BC6830 /* Dictionary.swift */; };
		9CE369741DE632030005E20E /* SettingsTableViewController.swift in Sources */ = {isa = PBXBuildFile; fileRef = 9CE369731DE632030005E20E /* SettingsTableViewController.swift */; };
		9CE369761DE63D030005E20E /* Setting.swift in Sources */ = {isa = PBXBuildFile; fileRef = 9CE369751DE63D030005E20E /* Setting.swift */; };
		9CE9F2061DE2151B002E06F5 /* AboutViewController.swift in Sources */ = {isa = PBXBuildFile; fileRef = 9CE9F2051DE2151B002E06F5 /* AboutViewController.swift */; };
		9CEC09001E1BC069002DC81D /* RegisterProcessUITests.swift in Sources */ = {isa = PBXBuildFile; fileRef = 9CEC08FF1E1BC069002DC81D /* RegisterProcessUITests.swift */; };
		9CF1F21C1DBE943C0086B98B /* HomeViewController.swift in Sources */ = {isa = PBXBuildFile; fileRef = 9CF1F21B1DBE943C0086B98B /* HomeViewController.swift */; };
		9CF1F21E1DBE966B0086B98B /* UbuntuTitling-Bold.ttf in Resources */ = {isa = PBXBuildFile; fileRef = 9CF1F21D1DBE96210086B98B /* UbuntuTitling-Bold.ttf */; };
		9CF1F2211DBE97D80086B98B /* ServerViewController.swift in Sources */ = {isa = PBXBuildFile; fileRef = 9CF1F2201DBE97D80086B98B /* ServerViewController.swift */; };
		9CF1F2231DBE9B800086B98B /* ClientIdViewController.swift in Sources */ = {isa = PBXBuildFile; fileRef = 9CF1F2221DBE9B800086B98B /* ClientIdViewController.swift */; };
		9CF1F2251DBE9D150086B98B /* LoginViewController.swift in Sources */ = {isa = PBXBuildFile; fileRef = 9CF1F2241DBE9D150086B98B /* LoginViewController.swift */; };
		9CF4FED21EEB2F7E00653B90 /* Localizable.strings in Resources */ = {isa = PBXBuildFile; fileRef = 9CF4FED41EEB2F7E00653B90 /* Localizable.strings */; };
		AEDD1E205C0DF01C54999C21 /* Pods_wallabag.framework in Frameworks */ = {isa = PBXBuildFile; fileRef = AFAE89D8A395291968A2E2A7 /* Pods_wallabag.framework */; };
		DB5193211F1DB976C3862849 /* Pods_wallabagUITests.framework in Frameworks */ = {isa = PBXBuildFile; fileRef = 3678DDB92217E137039674C2 /* Pods_wallabagUITests.framework */; };
/* End PBXBuildFile section */

/* Begin PBXContainerItemProxy section */
		9C987A5B1DB79826005515F4 /* PBXContainerItemProxy */ = {
			isa = PBXContainerItemProxy;
			containerPortal = 9C987A3B1DB79826005515F4 /* Project object */;
			proxyType = 1;
			remoteGlobalIDString = 9C987A421DB79826005515F4;
			remoteInfo = wallabag;
		};
		9C987A661DB79826005515F4 /* PBXContainerItemProxy */ = {
			isa = PBXContainerItemProxy;
			containerPortal = 9C987A3B1DB79826005515F4 /* Project object */;
			proxyType = 1;
			remoteGlobalIDString = 9C987A421DB79826005515F4;
			remoteInfo = wallabag;
		};
		9CBA6C651E16FC2B000B9AE6 /* PBXContainerItemProxy */ = {
			isa = PBXContainerItemProxy;
			containerPortal = 9C987A3B1DB79826005515F4 /* Project object */;
			proxyType = 1;
			remoteGlobalIDString = 9CBA6C5C1E16FC2B000B9AE6;
			remoteInfo = bagit;
		};
		9CBA6C711E1703E1000B9AE6 /* PBXContainerItemProxy */ = {
			isa = PBXContainerItemProxy;
			containerPortal = 9C987A3B1DB79826005515F4 /* Project object */;
			proxyType = 1;
			remoteGlobalIDString = 9C987A421DB79826005515F4;
			remoteInfo = wallabag;
		};
		9CC0D71C1E22AB15002E4E94 /* PBXContainerItemProxy */ = {
			isa = PBXContainerItemProxy;
			containerPortal = 9C987A3B1DB79826005515F4 /* Project object */;
			proxyType = 1;
			remoteGlobalIDString = 9C987A421DB79826005515F4;
			remoteInfo = wallabag;
		};
/* End PBXContainerItemProxy section */

/* Begin PBXCopyFilesBuildPhase section */
		9CBA6C6B1E16FC2B000B9AE6 /* Embed App Extensions */ = {
			isa = PBXCopyFilesBuildPhase;
			buildActionMask = 2147483647;
			dstPath = "";
			dstSubfolderSpec = 13;
			files = (
				9CBA6C671E16FC2B000B9AE6 /* bagit.appex in Embed App Extensions */,
			);
			name = "Embed App Extensions";
			runOnlyForDeploymentPostprocessing = 0;
		};
/* End PBXCopyFilesBuildPhase section */

/* Begin PBXFileReference section */
		081F547345F9E70248A02531 /* Pods-bagit.release.xcconfig */ = {isa = PBXFileReference; includeInIndex = 1; lastKnownFileType = text.xcconfig; name = "Pods-bagit.release.xcconfig"; path = "Pods/Target Support Files/Pods-bagit/Pods-bagit.release.xcconfig"; sourceTree = "<group>"; };
		1EA9F29E7C865EE08172FE69 /* Pods-wallabag-bagit.debug.xcconfig */ = {isa = PBXFileReference; includeInIndex = 1; lastKnownFileType = text.xcconfig; name = "Pods-wallabag-bagit.debug.xcconfig"; path = "Pods/Target Support Files/Pods-wallabag-bagit/Pods-wallabag-bagit.debug.xcconfig"; sourceTree = "<group>"; };
		33649D7F894D49168B9683D2 /* Pods-wallabagUITests.debug.xcconfig */ = {isa = PBXFileReference; includeInIndex = 1; lastKnownFileType = text.xcconfig; name = "Pods-wallabagUITests.debug.xcconfig"; path = "Pods/Target Support Files/Pods-wallabagUITests/Pods-wallabagUITests.debug.xcconfig"; sourceTree = "<group>"; };
		3678DDB92217E137039674C2 /* Pods_wallabagUITests.framework */ = {isa = PBXFileReference; explicitFileType = wrapper.framework; includeInIndex = 0; path = Pods_wallabagUITests.framework; sourceTree = BUILT_PRODUCTS_DIR; };
		50A74F0181E01BFFEA22A662 /* Pods_wallabag_bagit.framework */ = {isa = PBXFileReference; explicitFileType = wrapper.framework; includeInIndex = 0; path = Pods_wallabag_bagit.framework; sourceTree = BUILT_PRODUCTS_DIR; };
		6216651F1E0CFC2600438EE2 /* white.css */ = {isa = PBXFileReference; fileEncoding = 4; lastKnownFileType = text.css; path = white.css; sourceTree = "<group>"; };
		622923E81E10F8A5007B2307 /* dusk.css */ = {isa = PBXFileReference; fileEncoding = 4; lastKnownFileType = text.css; path = dusk.css; sourceTree = "<group>"; };
		7438BB540252BD33025E60F9 /* Pods-wallabagTests.debug.xcconfig */ = {isa = PBXFileReference; includeInIndex = 1; lastKnownFileType = text.xcconfig; name = "Pods-wallabagTests.debug.xcconfig"; path = "Pods/Target Support Files/Pods-wallabagTests/Pods-wallabagTests.debug.xcconfig"; sourceTree = "<group>"; };
		94D0C2FA2C870EE989B2406D /* Pods-wallabagTests.release.xcconfig */ = {isa = PBXFileReference; includeInIndex = 1; lastKnownFileType = text.xcconfig; name = "Pods-wallabagTests.release.xcconfig"; path = "Pods/Target Support Files/Pods-wallabagTests/Pods-wallabagTests.release.xcconfig"; sourceTree = "<group>"; };
		9B9EB64D938632DA7CDDFD2A /* Pods-wallabagUITests.release.xcconfig */ = {isa = PBXFileReference; includeInIndex = 1; lastKnownFileType = text.xcconfig; name = "Pods-wallabagUITests.release.xcconfig"; path = "Pods/Target Support Files/Pods-wallabagUITests/Pods-wallabagUITests.release.xcconfig"; sourceTree = "<group>"; };
		9C0BF8B91EC723CF00CEBE93 /* ArticlesUITests.swift */ = {isa = PBXFileReference; fileEncoding = 4; lastKnownFileType = sourcecode.swift; path = ArticlesUITests.swift; sourceTree = "<group>"; };
		9C0C65961EE81E26008FFE4D /* wallabag2v2.xcdatamodel */ = {isa = PBXFileReference; lastKnownFileType = wrapper.xcdatamodel; path = wallabag2v2.xcdatamodel; sourceTree = "<group>"; };
		9C181B871DB8E27000D941EB /* ArticlesTableViewController.swift */ = {isa = PBXFileReference; fileEncoding = 4; lastKnownFileType = sourcecode.swift; path = ArticlesTableViewController.swift; sourceTree = "<group>"; };
		9C21927C1DBFF44700F628C2 /* ArticleTableViewCell.swift */ = {isa = PBXFileReference; fileEncoding = 4; lastKnownFileType = sourcecode.swift; path = ArticleTableViewCell.swift; sourceTree = "<group>"; };
		9C25C9B71EEC99D700B97F6D /* TipViewController.swift */ = {isa = PBXFileReference; fileEncoding = 4; lastKnownFileType = sourcecode.swift; path = TipViewController.swift; sourceTree = "<group>"; };
		9C298B121E0BF8F400B72503 /* ThemeChoiceTableViewController.swift */ = {isa = PBXFileReference; fileEncoding = 4; lastKnownFileType = sourcecode.swift; path = ThemeChoiceTableViewController.swift; sourceTree = "<group>"; };
		9C2A2DAE1DD4A82A00EDA4E8 /* DictionaryTests.swift */ = {isa = PBXFileReference; fileEncoding = 4; lastKnownFileType = sourcecode.swift; path = DictionaryTests.swift; sourceTree = "<group>"; };
		9C2A2DB11DD4A96B00EDA4E8 /* IntTests.swift */ = {isa = PBXFileReference; fileEncoding = 4; lastKnownFileType = sourcecode.swift; path = IntTests.swift; sourceTree = "<group>"; };
		9C2A2DB31DD4AA1D00EDA4E8 /* StringTests.swift */ = {isa = PBXFileReference; fileEncoding = 4; lastKnownFileType = sourcecode.swift; path = StringTests.swift; sourceTree = "<group>"; };
		9C431D551E63094B0009439C /* Media.xcassets */ = {isa = PBXFileReference; lastKnownFileType = folder.assetcatalog; path = Media.xcassets; sourceTree = "<group>"; };
		9C45378E1DD1236B00FF6CFE /* article.html */ = {isa = PBXFileReference; fileEncoding = 4; lastKnownFileType = text.html; path = article.html; sourceTree = "<group>"; };
		9C45378F1DD1236B00FF6CFE /* night.css */ = {isa = PBXFileReference; fileEncoding = 4; lastKnownFileType = text.css; path = night.css; sourceTree = "<group>"; };
		9C4537901DD1236B00FF6CFE /* main.css */ = {isa = PBXFileReference; fileEncoding = 4; lastKnownFileType = text.css; path = main.css; sourceTree = "<group>"; };
		9C4537911DD1236B00FF6CFE /* ratatouille.css */ = {isa = PBXFileReference; fileEncoding = 4; lastKnownFileType = text.css; path = ratatouille.css; sourceTree = "<group>"; };
		9C4BFBDE1EC08EF200B75EFB /* Entry+CoreDataClass.swift */ = {isa = PBXFileReference; fileEncoding = 4; lastKnownFileType = sourcecode.swift; path = "Entry+CoreDataClass.swift"; sourceTree = "<group>"; };
		9C4BFBDF1EC08EF200B75EFB /* Entry+CoreDataProperties.swift */ = {isa = PBXFileReference; fileEncoding = 4; lastKnownFileType = sourcecode.swift; path = "Entry+CoreDataProperties.swift"; sourceTree = "<group>"; };
		9C5145241EEF2EE5005C40B4 /* StoreKit.framework */ = {isa = PBXFileReference; lastKnownFileType = wrapper.framework; name = StoreKit.framework; path = System/Library/Frameworks/StoreKit.framework; sourceTree = SDKROOT; };
		9C65DEB01DC5EE85002CA068 /* Int.swift */ = {isa = PBXFileReference; fileEncoding = 4; lastKnownFileType = sourcecode.swift; path = Int.swift; sourceTree = "<group>"; };
		9C6C88881EAEA8F20078C491 /* WallabagKit.framework */ = {isa = PBXFileReference; lastKnownFileType = wrapper.framework; name = WallabagKit.framework; path = "../../Library/Developer/Xcode/DerivedData/wallabag-fcirammgjylpzjcvizhrpwjyvjmq/Build/Products/Debug-iphonesimulator/WallabagKit/WallabagKit.framework"; sourceTree = "<group>"; };
		9C75961B1DBB567E0096614B /* String.swift */ = {isa = PBXFileReference; fileEncoding = 4; lastKnownFileType = sourcecode.swift; path = String.swift; sourceTree = "<group>"; };
		9C75961D1DBD59330096614B /* ArticleViewController.swift */ = {isa = PBXFileReference; fileEncoding = 4; lastKnownFileType = sourcecode.swift; path = ArticleViewController.swift; sourceTree = "<group>"; };
		9C75DD9CC88FFD838573A351 /* Pods_wallabagTests.framework */ = {isa = PBXFileReference; explicitFileType = wrapper.framework; includeInIndex = 0; path = Pods_wallabagTests.framework; sourceTree = BUILT_PRODUCTS_DIR; };
		9C77751C1DFB72AD00CB775F /* justify.css */ = {isa = PBXFileReference; fileEncoding = 4; lastKnownFileType = text.css; path = justify.css; sourceTree = "<group>"; };
		9C7B79E31EBF7E37004559B1 /* wallabag2.xcdatamodel */ = {isa = PBXFileReference; lastKnownFileType = wrapper.xcdatamodel; path = wallabag2.xcdatamodel; sourceTree = "<group>"; };
		9C7B79E51EBF8070004559B1 /* ArticleSync.swift */ = {isa = PBXFileReference; fileEncoding = 4; lastKnownFileType = sourcecode.swift; path = ArticleSync.swift; sourceTree = "<group>"; };
		9C8311851E06F56C004ACD5D /* ThemedTableViewCell.swift */ = {isa = PBXFileReference; fileEncoding = 4; lastKnownFileType = sourcecode.swift; path = ThemedTableViewCell.swift; sourceTree = "<group>"; };
		9C8B20A11F2612BA0084BBAA /* VoiceChoiceTableViewController.swift */ = {isa = PBXFileReference; lastKnownFileType = sourcecode.swift; path = VoiceChoiceTableViewController.swift; sourceTree = "<group>"; };
		9C914A491EBD1D6000973BA6 /* CoreData.swift */ = {isa = PBXFileReference; fileEncoding = 4; lastKnownFileType = sourcecode.swift; path = CoreData.swift; sourceTree = "<group>"; };
		9C987A431DB79826005515F4 /* wallabag.app */ = {isa = PBXFileReference; explicitFileType = wrapper.application; includeInIndex = 0; path = wallabag.app; sourceTree = BUILT_PRODUCTS_DIR; };
		9C987A461DB79826005515F4 /* AppDelegate.swift */ = {isa = PBXFileReference; lastKnownFileType = sourcecode.swift; path = AppDelegate.swift; sourceTree = "<group>"; };
		9C987A4B1DB79826005515F4 /* Base */ = {isa = PBXFileReference; lastKnownFileType = file.storyboard; name = Base; path = Base.lproj/Main.storyboard; sourceTree = "<group>"; };
		9C987A4E1DB79826005515F4 /* wallabag.xcdatamodel */ = {isa = PBXFileReference; lastKnownFileType = wrapper.xcdatamodel; path = wallabag.xcdatamodel; sourceTree = "<group>"; };
		9C987A501DB79826005515F4 /* Assets.xcassets */ = {isa = PBXFileReference; lastKnownFileType = folder.assetcatalog; path = Assets.xcassets; sourceTree = "<group>"; };
		9C987A531DB79826005515F4 /* Base */ = {isa = PBXFileReference; lastKnownFileType = file.storyboard; name = Base; path = Base.lproj/LaunchScreen.storyboard; sourceTree = "<group>"; };
		9C987A551DB79826005515F4 /* Info.plist */ = {isa = PBXFileReference; lastKnownFileType = text.plist.xml; path = Info.plist; sourceTree = "<group>"; };
		9C987A5A1DB79826005515F4 /* wallabagTests.xctest */ = {isa = PBXFileReference; explicitFileType = wrapper.cfbundle; includeInIndex = 0; path = wallabagTests.xctest; sourceTree = BUILT_PRODUCTS_DIR; };
		9C987A601DB79826005515F4 /* Info.plist */ = {isa = PBXFileReference; lastKnownFileType = text.plist.xml; path = Info.plist; sourceTree = "<group>"; };
		9C987A651DB79826005515F4 /* wallabagUITests.xctest */ = {isa = PBXFileReference; explicitFileType = wrapper.cfbundle; includeInIndex = 0; path = wallabagUITests.xctest; sourceTree = BUILT_PRODUCTS_DIR; };
		9C987A6B1DB79826005515F4 /* Info.plist */ = {isa = PBXFileReference; lastKnownFileType = text.plist.xml; path = Info.plist; sourceTree = "<group>"; };
		9CA2322F1DFECE74006B29B8 /* light.css */ = {isa = PBXFileReference; fileEncoding = 4; lastKnownFileType = text.css; path = light.css; sourceTree = "<group>"; };
		9CA9659A1F16B68B009C6377 /* White.swift */ = {isa = PBXFileReference; lastKnownFileType = sourcecode.swift; path = White.swift; sourceTree = "<group>"; };
		9CA9659C1F16B6B9009C6377 /* Light.swift */ = {isa = PBXFileReference; lastKnownFileType = sourcecode.swift; path = Light.swift; sourceTree = "<group>"; };
		9CA9659E1F16B71E009C6377 /* Dusk.swift */ = {isa = PBXFileReference; lastKnownFileType = sourcecode.swift; path = Dusk.swift; sourceTree = "<group>"; };
		9CA965A01F16B729009C6377 /* Night.swift */ = {isa = PBXFileReference; lastKnownFileType = sourcecode.swift; path = Night.swift; sourceTree = "<group>"; };
		9CBA6C5D1E16FC2B000B9AE6 /* bagit.appex */ = {isa = PBXFileReference; explicitFileType = "wrapper.app-extension"; includeInIndex = 0; path = bagit.appex; sourceTree = BUILT_PRODUCTS_DIR; };
		9CBA6C5F1E16FC2B000B9AE6 /* ShareViewController.swift */ = {isa = PBXFileReference; lastKnownFileType = sourcecode.swift; path = ShareViewController.swift; sourceTree = "<group>"; };
		9CBA6C641E16FC2B000B9AE6 /* Info.plist */ = {isa = PBXFileReference; lastKnownFileType = text.plist.xml; path = Info.plist; sourceTree = "<group>"; };
		9CBA6C6C1E17010E000B9AE6 /* wallabag.entitlements */ = {isa = PBXFileReference; lastKnownFileType = text.plist.entitlements; path = wallabag.entitlements; sourceTree = "<group>"; };
		9CBA6C6D1E17011C000B9AE6 /* bagit.entitlements */ = {isa = PBXFileReference; lastKnownFileType = text.plist.entitlements; path = bagit.entitlements; sourceTree = "<group>"; };
		9CBA6C6F1E1703A3000B9AE6 /* Alamofire.framework */ = {isa = PBXFileReference; lastKnownFileType = wrapper.framework; name = Alamofire.framework; path = "../../Library/Developer/Xcode/DerivedData/wallabag-fcirammgjylpzjcvizhrpwjyvjmq/Build/Products/Debug-iphonesimulator/Alamofire/Alamofire.framework"; sourceTree = "<group>"; };
		9CC0D7171E22AB15002E4E94 /* wallabagScreenshotUITests.xctest */ = {isa = PBXFileReference; explicitFileType = wrapper.cfbundle; includeInIndex = 0; path = wallabagScreenshotUITests.xctest; sourceTree = BUILT_PRODUCTS_DIR; };
		9CC0D7191E22AB15002E4E94 /* wallabagScreenshotUITests.swift */ = {isa = PBXFileReference; lastKnownFileType = sourcecode.swift; path = wallabagScreenshotUITests.swift; sourceTree = "<group>"; };
		9CC0D71B1E22AB15002E4E94 /* Info.plist */ = {isa = PBXFileReference; lastKnownFileType = text.plist.xml; path = Info.plist; sourceTree = "<group>"; };
		9CC378921EB0BB4100C89619 /* Pods_bagit.framework */ = {isa = PBXFileReference; lastKnownFileType = wrapper.framework; name = Pods_bagit.framework; path = "../../Library/Developer/Xcode/DerivedData/wallabag-fcirammgjylpzjcvizhrpwjyvjmq/Build/Products/Debug-iphonesimulator/Pods_bagit.framework"; sourceTree = "<group>"; };
		9CC4B0601DC5361000BC6830 /* Dictionary.swift */ = {isa = PBXFileReference; fileEncoding = 4; lastKnownFileType = sourcecode.swift; path = Dictionary.swift; sourceTree = "<group>"; };
		9CCAC4001E0176CF002C6A66 /* ThemeManager.swift */ = {isa = PBXFileReference; fileEncoding = 4; lastKnownFileType = sourcecode.swift; path = ThemeManager.swift; sourceTree = "<group>"; };
		9CE369731DE632030005E20E /* SettingsTableViewController.swift */ = {isa = PBXFileReference; fileEncoding = 4; lastKnownFileType = sourcecode.swift; path = SettingsTableViewController.swift; sourceTree = "<group>"; };
		9CE369751DE63D030005E20E /* Setting.swift */ = {isa = PBXFileReference; fileEncoding = 4; lastKnownFileType = sourcecode.swift; path = Setting.swift; sourceTree = "<group>"; };
		9CE9F2051DE2151B002E06F5 /* AboutViewController.swift */ = {isa = PBXFileReference; fileEncoding = 4; lastKnownFileType = sourcecode.swift; path = AboutViewController.swift; sourceTree = "<group>"; };
		9CEC08FF1E1BC069002DC81D /* RegisterProcessUITests.swift */ = {isa = PBXFileReference; fileEncoding = 4; lastKnownFileType = sourcecode.swift; path = RegisterProcessUITests.swift; sourceTree = "<group>"; };
		9CF1F21B1DBE943C0086B98B /* HomeViewController.swift */ = {isa = PBXFileReference; fileEncoding = 4; lastKnownFileType = sourcecode.swift; path = HomeViewController.swift; sourceTree = "<group>"; };
		9CF1F21D1DBE96210086B98B /* UbuntuTitling-Bold.ttf */ = {isa = PBXFileReference; lastKnownFileType = file; path = "UbuntuTitling-Bold.ttf"; sourceTree = "<group>"; };
		9CF1F2201DBE97D80086B98B /* ServerViewController.swift */ = {isa = PBXFileReference; fileEncoding = 4; lastKnownFileType = sourcecode.swift; path = ServerViewController.swift; sourceTree = "<group>"; };
		9CF1F2221DBE9B800086B98B /* ClientIdViewController.swift */ = {isa = PBXFileReference; fileEncoding = 4; lastKnownFileType = sourcecode.swift; path = ClientIdViewController.swift; sourceTree = "<group>"; };
		9CF1F2241DBE9D150086B98B /* LoginViewController.swift */ = {isa = PBXFileReference; fileEncoding = 4; lastKnownFileType = sourcecode.swift; path = LoginViewController.swift; sourceTree = "<group>"; };
		9CF4FECA1EEB2B9C00653B90 /* fr */ = {isa = PBXFileReference; lastKnownFileType = text.plist.strings; name = fr; path = fr.lproj/LaunchScreen.strings; sourceTree = "<group>"; };
		9CF4FECB1EEB2B9D00653B90 /* fr */ = {isa = PBXFileReference; lastKnownFileType = text.plist.strings; name = fr; path = fr.lproj/Main.strings; sourceTree = "<group>"; };
		9CF4FECD1EEB2C4300653B90 /* de */ = {isa = PBXFileReference; lastKnownFileType = text.plist.strings; name = de; path = de.lproj/LaunchScreen.strings; sourceTree = "<group>"; };
		9CF4FECE1EEB2C4300653B90 /* de */ = {isa = PBXFileReference; lastKnownFileType = text.plist.strings; name = de; path = de.lproj/Main.strings; sourceTree = "<group>"; };
		9CF4FED31EEB2F7E00653B90 /* Base */ = {isa = PBXFileReference; lastKnownFileType = text.plist.strings; name = Base; path = Base.lproj/Localizable.strings; sourceTree = "<group>"; };
		9CF4FED61EEB2FB300653B90 /* fr */ = {isa = PBXFileReference; lastKnownFileType = text.plist.strings; name = fr; path = fr.lproj/Localizable.strings; sourceTree = "<group>"; };
		9CF4FED71EEB2FB500653B90 /* de */ = {isa = PBXFileReference; lastKnownFileType = text.plist.strings; name = de; path = de.lproj/Localizable.strings; sourceTree = "<group>"; };
		9CFEF3B31DD9EC5D00126D15 /* SnapshotHelper.swift */ = {isa = PBXFileReference; fileEncoding = 4; lastKnownFileType = sourcecode.swift; path = SnapshotHelper.swift; sourceTree = "<group>"; };
		A6538EB964B457B5B3DC7B46 /* Pods-bagit.debug.xcconfig */ = {isa = PBXFileReference; includeInIndex = 1; lastKnownFileType = text.xcconfig; name = "Pods-bagit.debug.xcconfig"; path = "Pods/Target Support Files/Pods-bagit/Pods-bagit.debug.xcconfig"; sourceTree = "<group>"; };
		AFAE89D8A395291968A2E2A7 /* Pods_wallabag.framework */ = {isa = PBXFileReference; explicitFileType = wrapper.framework; includeInIndex = 0; path = Pods_wallabag.framework; sourceTree = BUILT_PRODUCTS_DIR; };
		B96F6D5610DD6249AEA66D5F /* Pods_bagit.framework */ = {isa = PBXFileReference; explicitFileType = wrapper.framework; includeInIndex = 0; path = Pods_bagit.framework; sourceTree = BUILT_PRODUCTS_DIR; };
		C5054CFAAEF931DD2335077B /* Pods-wallabag.debug.xcconfig */ = {isa = PBXFileReference; includeInIndex = 1; lastKnownFileType = text.xcconfig; name = "Pods-wallabag.debug.xcconfig"; path = "Pods/Target Support Files/Pods-wallabag/Pods-wallabag.debug.xcconfig"; sourceTree = "<group>"; };
		CC20A18D953EAE5A218FF6BB /* Pods-wallabag-bagit.release.xcconfig */ = {isa = PBXFileReference; includeInIndex = 1; lastKnownFileType = text.xcconfig; name = "Pods-wallabag-bagit.release.xcconfig"; path = "Pods/Target Support Files/Pods-wallabag-bagit/Pods-wallabag-bagit.release.xcconfig"; sourceTree = "<group>"; };
		D492A4BFBC05746741AD48FD /* Pods-wallabag.release.xcconfig */ = {isa = PBXFileReference; includeInIndex = 1; lastKnownFileType = text.xcconfig; name = "Pods-wallabag.release.xcconfig"; path = "Pods/Target Support Files/Pods-wallabag/Pods-wallabag.release.xcconfig"; sourceTree = "<group>"; };
/* End PBXFileReference section */

/* Begin PBXFrameworksBuildPhase section */
		9C987A401DB79826005515F4 /* Frameworks */ = {
			isa = PBXFrameworksBuildPhase;
			buildActionMask = 2147483647;
			files = (
				AEDD1E205C0DF01C54999C21 /* Pods_wallabag.framework in Frameworks */,
				9C5145251EEF2EE5005C40B4 /* StoreKit.framework in Frameworks */,
			);
			runOnlyForDeploymentPostprocessing = 0;
		};
		9C987A571DB79826005515F4 /* Frameworks */ = {
			isa = PBXFrameworksBuildPhase;
			buildActionMask = 2147483647;
			files = (
				01971931BCF414226F407E96 /* Pods_wallabagTests.framework in Frameworks */,
			);
			runOnlyForDeploymentPostprocessing = 0;
		};
		9C987A621DB79826005515F4 /* Frameworks */ = {
			isa = PBXFrameworksBuildPhase;
			buildActionMask = 2147483647;
			files = (
				DB5193211F1DB976C3862849 /* Pods_wallabagUITests.framework in Frameworks */,
			);
			runOnlyForDeploymentPostprocessing = 0;
		};
		9CBA6C5A1E16FC2B000B9AE6 /* Frameworks */ = {
			isa = PBXFrameworksBuildPhase;
			buildActionMask = 2147483647;
			files = (
				9CC378931EB0BB4100C89619 /* Pods_bagit.framework in Frameworks */,
				94E4BE19881745BDBEBA546F /* Pods_bagit.framework in Frameworks */,
			);
			runOnlyForDeploymentPostprocessing = 0;
		};
		9CC0D7141E22AB15002E4E94 /* Frameworks */ = {
			isa = PBXFrameworksBuildPhase;
			buildActionMask = 2147483647;
			files = (
			);
			runOnlyForDeploymentPostprocessing = 0;
		};
/* End PBXFrameworksBuildPhase section */

/* Begin PBXGroup section */
		37E0BE100D92CFD90F2A6716 /* Frameworks */ = {
			isa = PBXGroup;
			children = (
				9C5145241EEF2EE5005C40B4 /* StoreKit.framework */,
				9CC378921EB0BB4100C89619 /* Pods_bagit.framework */,
				9C6C88881EAEA8F20078C491 /* WallabagKit.framework */,
				9CBA6C6F1E1703A3000B9AE6 /* Alamofire.framework */,
				AFAE89D8A395291968A2E2A7 /* Pods_wallabag.framework */,
				9C75DD9CC88FFD838573A351 /* Pods_wallabagTests.framework */,
				3678DDB92217E137039674C2 /* Pods_wallabagUITests.framework */,
				B96F6D5610DD6249AEA66D5F /* Pods_bagit.framework */,
				50A74F0181E01BFFEA22A662 /* Pods_wallabag_bagit.framework */,
			);
			name = Frameworks;
			sourceTree = "<group>";
		};
		5364F96E2A5E5163C06314B9 /* Pods */ = {
			isa = PBXGroup;
			children = (
				C5054CFAAEF931DD2335077B /* Pods-wallabag.debug.xcconfig */,
				D492A4BFBC05746741AD48FD /* Pods-wallabag.release.xcconfig */,
				7438BB540252BD33025E60F9 /* Pods-wallabagTests.debug.xcconfig */,
				94D0C2FA2C870EE989B2406D /* Pods-wallabagTests.release.xcconfig */,
				33649D7F894D49168B9683D2 /* Pods-wallabagUITests.debug.xcconfig */,
				9B9EB64D938632DA7CDDFD2A /* Pods-wallabagUITests.release.xcconfig */,
				A6538EB964B457B5B3DC7B46 /* Pods-bagit.debug.xcconfig */,
				081F547345F9E70248A02531 /* Pods-bagit.release.xcconfig */,
				1EA9F29E7C865EE08172FE69 /* Pods-wallabag-bagit.debug.xcconfig */,
				CC20A18D953EAE5A218FF6BB /* Pods-wallabag-bagit.release.xcconfig */,
			);
			name = Pods;
			sourceTree = "<group>";
		};
		9C181B831DB8D47600D941EB /* Lib */ = {
			isa = PBXGroup;
			children = (
				9CA965991F16B669009C6377 /* Theme */,
				9C7B79E51EBF8070004559B1 /* ArticleSync.swift */,
				9C914A491EBD1D6000973BA6 /* CoreData.swift */,
				9CE369751DE63D030005E20E /* Setting.swift */,
				9CCAC4001E0176CF002C6A66 /* ThemeManager.swift */,
			);
			path = Lib;
			sourceTree = "<group>";
		};
		9C181B841DB8D47C00D941EB /* Controller */ = {
			isa = PBXGroup;
			children = (
				9CE9F2051DE2151B002E06F5 /* AboutViewController.swift */,
				9C75961D1DBD59330096614B /* ArticleViewController.swift */,
				9C181B871DB8E27000D941EB /* ArticlesTableViewController.swift */,
				9CF1F2221DBE9B800086B98B /* ClientIdViewController.swift */,
				9CF1F21B1DBE943C0086B98B /* HomeViewController.swift */,
				9CF1F2241DBE9D150086B98B /* LoginViewController.swift */,
				9CF1F2201DBE97D80086B98B /* ServerViewController.swift */,
				9CE369731DE632030005E20E /* SettingsTableViewController.swift */,
				9C298B121E0BF8F400B72503 /* ThemeChoiceTableViewController.swift */,
				9C25C9B71EEC99D700B97F6D /* TipViewController.swift */,
				9C8B20A11F2612BA0084BBAA /* VoiceChoiceTableViewController.swift */,
			);
			path = Controller;
			sourceTree = "<group>";
		};
		9C2A2DAC1DD4A6D900EDA4E8 /* Cell */ = {
			isa = PBXGroup;
			children = (
				9C21927C1DBFF44700F628C2 /* ArticleTableViewCell.swift */,
				9C8311851E06F56C004ACD5D /* ThemedTableViewCell.swift */,
			);
			path = Cell;
			sourceTree = "<group>";
		};
		9C2A2DAD1DD4A81000EDA4E8 /* Extension */ = {
			isa = PBXGroup;
			children = (
				9C2A2DAE1DD4A82A00EDA4E8 /* DictionaryTests.swift */,
				9C2A2DB11DD4A96B00EDA4E8 /* IntTests.swift */,
				9C2A2DB31DD4AA1D00EDA4E8 /* StringTests.swift */,
			);
			path = Extension;
			sourceTree = "<group>";
		};
		9C380A1B1DD2683400E07CE7 /* Storyboard */ = {
			isa = PBXGroup;
			children = (
				9C987A521DB79826005515F4 /* LaunchScreen.storyboard */,
				9C987A4A1DB79826005515F4 /* Main.storyboard */,
			);
			path = Storyboard;
			sourceTree = "<group>";
		};
		9C45378D1DD122FA00FF6CFE /* html-ressources */ = {
			isa = PBXGroup;
			children = (
				9C45378E1DD1236B00FF6CFE /* article.html */,
				622923E81E10F8A5007B2307 /* dusk.css */,
				9C77751C1DFB72AD00CB775F /* justify.css */,
				9CA2322F1DFECE74006B29B8 /* light.css */,
				9C4537901DD1236B00FF6CFE /* main.css */,
				9C45378F1DD1236B00FF6CFE /* night.css */,
				9C4537911DD1236B00FF6CFE /* ratatouille.css */,
				6216651F1E0CFC2600438EE2 /* white.css */,
			);
			path = "html-ressources";
			sourceTree = "<group>";
		};
		9C75961A1DBB56730096614B /* Extension */ = {
			isa = PBXGroup;
			children = (
				9CC4B0601DC5361000BC6830 /* Dictionary.swift */,
				9C65DEB01DC5EE85002CA068 /* Int.swift */,
				9C75961B1DBB567E0096614B /* String.swift */,
			);
			path = Extension;
			sourceTree = "<group>";
		};
		9C987A3A1DB79826005515F4 = {
			isa = PBXGroup;
			children = (
				37E0BE100D92CFD90F2A6716 /* Frameworks */,
				5364F96E2A5E5163C06314B9 /* Pods */,
				9C987A441DB79826005515F4 /* Products */,
				9CBA6C5E1E16FC2B000B9AE6 /* bagit */,
				9C987A451DB79826005515F4 /* wallabag */,
				9CC0D7181E22AB15002E4E94 /* wallabagScreenshotUITests */,
				9C987A5D1DB79826005515F4 /* wallabagTests */,
				9C987A681DB79826005515F4 /* wallabagUITests */,
			);
			sourceTree = "<group>";
		};
		9C987A441DB79826005515F4 /* Products */ = {
			isa = PBXGroup;
			children = (
				9C987A431DB79826005515F4 /* wallabag.app */,
				9C987A5A1DB79826005515F4 /* wallabagTests.xctest */,
				9C987A651DB79826005515F4 /* wallabagUITests.xctest */,
				9CBA6C5D1E16FC2B000B9AE6 /* bagit.appex */,
				9CC0D7171E22AB15002E4E94 /* wallabagScreenshotUITests.xctest */,
			);
			name = Products;
			sourceTree = "<group>";
		};
		9C987A451DB79826005515F4 /* wallabag */ = {
			isa = PBXGroup;
			children = (
				9C2A2DAC1DD4A6D900EDA4E8 /* Cell */,
				9C181B841DB8D47C00D941EB /* Controller */,
				9CE367AA1EEB148E0004F0A0 /* Entity */,
				9C75961A1DBB56730096614B /* Extension */,
				9CF1F21F1DBE96740086B98B /* Fonts */,
				9C181B831DB8D47600D941EB /* Lib */,
				9C380A1B1DD2683400E07CE7 /* Storyboard */,
				9C45378D1DD122FA00FF6CFE /* html-ressources */,
				9C987A461DB79826005515F4 /* AppDelegate.swift */,
				9C987A501DB79826005515F4 /* Assets.xcassets */,
				9C987A551DB79826005515F4 /* Info.plist */,
				9CBA6C6C1E17010E000B9AE6 /* wallabag.entitlements */,
				9C987A4D1DB79826005515F4 /* wallabag.xcdatamodeld */,
				9C7B79E21EBF7E37004559B1 /* wallabag2.xcdatamodeld */,
				9CF4FED41EEB2F7E00653B90 /* Localizable.strings */,
			);
			path = wallabag;
			sourceTree = "<group>";
		};
		9C987A5D1DB79826005515F4 /* wallabagTests */ = {
			isa = PBXGroup;
			children = (
				9C2A2DAD1DD4A81000EDA4E8 /* Extension */,
				9C987A601DB79826005515F4 /* Info.plist */,
			);
			path = wallabagTests;
			sourceTree = "<group>";
		};
		9C987A681DB79826005515F4 /* wallabagUITests */ = {
			isa = PBXGroup;
			children = (
				9C0BF8B91EC723CF00CEBE93 /* ArticlesUITests.swift */,
				9C987A6B1DB79826005515F4 /* Info.plist */,
				9CEC08FF1E1BC069002DC81D /* RegisterProcessUITests.swift */,
			);
			path = wallabagUITests;
			sourceTree = "<group>";
		};
		9CA965991F16B669009C6377 /* Theme */ = {
			isa = PBXGroup;
			children = (
				9CA9659C1F16B6B9009C6377 /* Light.swift */,
				9CA9659E1F16B71E009C6377 /* Dusk.swift */,
				9CA965A01F16B729009C6377 /* Night.swift */,
				9CA9659A1F16B68B009C6377 /* White.swift */,
			);
			path = Theme;
			sourceTree = "<group>";
		};
		9CBA6C5E1E16FC2B000B9AE6 /* bagit */ = {
			isa = PBXGroup;
			children = (
				9CBA6C641E16FC2B000B9AE6 /* Info.plist */,
				9C431D551E63094B0009439C /* Media.xcassets */,
				9CBA6C5F1E16FC2B000B9AE6 /* ShareViewController.swift */,
				9CBA6C6D1E17011C000B9AE6 /* bagit.entitlements */,
			);
			path = bagit;
			sourceTree = "<group>";
		};
		9CC0D7181E22AB15002E4E94 /* wallabagScreenshotUITests */ = {
			isa = PBXGroup;
			children = (
				9CC0D71B1E22AB15002E4E94 /* Info.plist */,
				9CFEF3B31DD9EC5D00126D15 /* SnapshotHelper.swift */,
				9CC0D7191E22AB15002E4E94 /* wallabagScreenshotUITests.swift */,
			);
			path = wallabagScreenshotUITests;
			sourceTree = "<group>";
		};
		9CE367AA1EEB148E0004F0A0 /* Entity */ = {
			isa = PBXGroup;
			children = (
				9C4BFBDE1EC08EF200B75EFB /* Entry+CoreDataClass.swift */,
				9C4BFBDF1EC08EF200B75EFB /* Entry+CoreDataProperties.swift */,
			);
			path = Entity;
			sourceTree = "<group>";
		};
		9CF1F21F1DBE96740086B98B /* Fonts */ = {
			isa = PBXGroup;
			children = (
				9CF1F21D1DBE96210086B98B /* UbuntuTitling-Bold.ttf */,
			);
			path = Fonts;
			sourceTree = "<group>";
		};
/* End PBXGroup section */

/* Begin PBXNativeTarget section */
		9C987A421DB79826005515F4 /* wallabag */ = {
			isa = PBXNativeTarget;
			buildConfigurationList = 9C987A6E1DB79826005515F4 /* Build configuration list for PBXNativeTarget "wallabag" */;
			buildPhases = (
				675CB1B13E826E9746D3DE45 /* [CP] Check Pods Manifest.lock */,
				9C32BF121E369FBB00199DF2 /* ShellScript */,
				9C987A3F1DB79826005515F4 /* Sources */,
				9C987A401DB79826005515F4 /* Frameworks */,
				9C987A411DB79826005515F4 /* Resources */,
				1DF9979C51B322B7FE60E0F4 /* [CP] Embed Pods Frameworks */,
				C63B0385014D4D2A027B3CAF /* [CP] Copy Pods Resources */,
				9CBA6C6B1E16FC2B000B9AE6 /* Embed App Extensions */,
			);
			buildRules = (
			);
			dependencies = (
				9CBA6C661E16FC2B000B9AE6 /* PBXTargetDependency */,
			);
			name = wallabag;
			productName = wallabag;
			productReference = 9C987A431DB79826005515F4 /* wallabag.app */;
			productType = "com.apple.product-type.application";
		};
		9C987A591DB79826005515F4 /* wallabagTests */ = {
			isa = PBXNativeTarget;
			buildConfigurationList = 9C987A711DB79826005515F4 /* Build configuration list for PBXNativeTarget "wallabagTests" */;
			buildPhases = (
				C30604D19CABD26626D9E3A3 /* [CP] Check Pods Manifest.lock */,
				9C987A561DB79826005515F4 /* Sources */,
				9C987A571DB79826005515F4 /* Frameworks */,
				9C987A581DB79826005515F4 /* Resources */,
				4CACE93B269608251D35CE2C /* [CP] Embed Pods Frameworks */,
				1CF7950C44CB289C35D29924 /* [CP] Copy Pods Resources */,
			);
			buildRules = (
			);
			dependencies = (
				9C987A5C1DB79826005515F4 /* PBXTargetDependency */,
			);
			name = wallabagTests;
			productName = wallabagTests;
			productReference = 9C987A5A1DB79826005515F4 /* wallabagTests.xctest */;
			productType = "com.apple.product-type.bundle.unit-test";
		};
		9C987A641DB79826005515F4 /* wallabagUITests */ = {
			isa = PBXNativeTarget;
			buildConfigurationList = 9C987A741DB79826005515F4 /* Build configuration list for PBXNativeTarget "wallabagUITests" */;
			buildPhases = (
				BDE3CDF5182757371AC5B97E /* [CP] Check Pods Manifest.lock */,
				9C987A611DB79826005515F4 /* Sources */,
				9C987A621DB79826005515F4 /* Frameworks */,
				9C987A631DB79826005515F4 /* Resources */,
				F2C3071BD713B0BBD1EA4C02 /* [CP] Embed Pods Frameworks */,
				4F23E533812D555DCA923625 /* [CP] Copy Pods Resources */,
			);
			buildRules = (
			);
			dependencies = (
				9C987A671DB79826005515F4 /* PBXTargetDependency */,
			);
			name = wallabagUITests;
			productName = wallabagUITests;
			productReference = 9C987A651DB79826005515F4 /* wallabagUITests.xctest */;
			productType = "com.apple.product-type.bundle.ui-testing";
		};
		9CBA6C5C1E16FC2B000B9AE6 /* bagit */ = {
			isa = PBXNativeTarget;
			buildConfigurationList = 9CBA6C6A1E16FC2B000B9AE6 /* Build configuration list for PBXNativeTarget "bagit" */;
			buildPhases = (
				1064727F3787E02D9CFA3173 /* [CP] Check Pods Manifest.lock */,
				9CBA6C591E16FC2B000B9AE6 /* Sources */,
				9CBA6C5A1E16FC2B000B9AE6 /* Frameworks */,
				9CBA6C5B1E16FC2B000B9AE6 /* Resources */,
				C232E5C2161397CCEC0196CF /* [CP] Copy Pods Resources */,
			);
			buildRules = (
			);
			dependencies = (
				9CBA6C721E1703E1000B9AE6 /* PBXTargetDependency */,
			);
			name = bagit;
			productName = bagit;
			productReference = 9CBA6C5D1E16FC2B000B9AE6 /* bagit.appex */;
			productType = "com.apple.product-type.app-extension";
		};
		9CC0D7161E22AB15002E4E94 /* wallabagScreenshotUITests */ = {
			isa = PBXNativeTarget;
			buildConfigurationList = 9CC0D7201E22AB15002E4E94 /* Build configuration list for PBXNativeTarget "wallabagScreenshotUITests" */;
			buildPhases = (
				9CC0D7131E22AB15002E4E94 /* Sources */,
				9CC0D7141E22AB15002E4E94 /* Frameworks */,
				9CC0D7151E22AB15002E4E94 /* Resources */,
			);
			buildRules = (
			);
			dependencies = (
				9CC0D71D1E22AB15002E4E94 /* PBXTargetDependency */,
			);
			name = wallabagScreenshotUITests;
			productName = wallabagScreenshotUITests;
			productReference = 9CC0D7171E22AB15002E4E94 /* wallabagScreenshotUITests.xctest */;
			productType = "com.apple.product-type.bundle.ui-testing";
		};
/* End PBXNativeTarget section */

/* Begin PBXProject section */
		9C987A3B1DB79826005515F4 /* Project object */ = {
			isa = PBXProject;
			attributes = {
				LastSwiftUpdateCheck = 0820;
				LastUpgradeCheck = 0820;
				ORGANIZATIONNAME = "maxime marinel";
				TargetAttributes = {
					9C987A421DB79826005515F4 = {
						CreatedOnToolsVersion = 8.0;
						DevelopmentTeam = G97URPCGB8;
						ProvisioningStyle = Automatic;
						SystemCapabilities = {
							com.apple.ApplicationGroups.iOS = {
								enabled = 1;
							};
							com.apple.BackgroundModes = {
								enabled = 1;
							};
							com.apple.InAppPurchase = {
								enabled = 1;
							};
						};
					};
					9C987A591DB79826005515F4 = {
						CreatedOnToolsVersion = 8.0;
						DevelopmentTeam = G97URPCGB8;
						ProvisioningStyle = Automatic;
						TestTargetID = 9C987A421DB79826005515F4;
					};
					9C987A641DB79826005515F4 = {
						CreatedOnToolsVersion = 8.0;
						DevelopmentTeam = G97URPCGB8;
						ProvisioningStyle = Automatic;
						TestTargetID = 9C987A421DB79826005515F4;
					};
					9CBA6C5C1E16FC2B000B9AE6 = {
						CreatedOnToolsVersion = 8.2;
						DevelopmentTeam = G97URPCGB8;
						ProvisioningStyle = Automatic;
						SystemCapabilities = {
							com.apple.ApplicationGroups.iOS = {
								enabled = 1;
							};
						};
					};
					9CC0D7161E22AB15002E4E94 = {
						CreatedOnToolsVersion = 8.2;
						DevelopmentTeam = G97URPCGB8;
						ProvisioningStyle = Automatic;
						TestTargetID = 9C987A421DB79826005515F4;
					};
				};
			};
			buildConfigurationList = 9C987A3E1DB79826005515F4 /* Build configuration list for PBXProject "wallabag" */;
			compatibilityVersion = "Xcode 3.2";
			developmentRegion = English;
			hasScannedForEncodings = 0;
			knownRegions = (
				en,
				Base,
				fr,
				de,
			);
			mainGroup = 9C987A3A1DB79826005515F4;
			productRefGroup = 9C987A441DB79826005515F4 /* Products */;
			projectDirPath = "";
			projectRoot = "";
			targets = (
				9C987A421DB79826005515F4 /* wallabag */,
				9CBA6C5C1E16FC2B000B9AE6 /* bagit */,
				9C987A591DB79826005515F4 /* wallabagTests */,
				9C987A641DB79826005515F4 /* wallabagUITests */,
				9CC0D7161E22AB15002E4E94 /* wallabagScreenshotUITests */,
			);
		};
/* End PBXProject section */

/* Begin PBXResourcesBuildPhase section */
		9C987A411DB79826005515F4 /* Resources */ = {
			isa = PBXResourcesBuildPhase;
			buildActionMask = 2147483647;
			files = (
				9CF1F21E1DBE966B0086B98B /* UbuntuTitling-Bold.ttf in Resources */,
				9CA232301DFECE74006B29B8 /* light.css in Resources */,
				622923E91E10F8A5007B2307 /* dusk.css in Resources */,
				9CF4FED21EEB2F7E00653B90 /* Localizable.strings in Resources */,
				9C987A541DB79826005515F4 /* LaunchScreen.storyboard in Resources */,
				9C77751D1DFB72AD00CB775F /* justify.css in Resources */,
				9C4537921DD1236B00FF6CFE /* article.html in Resources */,
				9C4537941DD1236B00FF6CFE /* main.css in Resources */,
				9C4537951DD1236B00FF6CFE /* ratatouille.css in Resources */,
				621665201E0CFC2600438EE2 /* white.css in Resources */,
				9C987A511DB79826005515F4 /* Assets.xcassets in Resources */,
				9C987A4C1DB79826005515F4 /* Main.storyboard in Resources */,
				9C4537931DD1236B00FF6CFE /* night.css in Resources */,
			);
			runOnlyForDeploymentPostprocessing = 0;
		};
		9C987A581DB79826005515F4 /* Resources */ = {
			isa = PBXResourcesBuildPhase;
			buildActionMask = 2147483647;
			files = (
			);
			runOnlyForDeploymentPostprocessing = 0;
		};
		9C987A631DB79826005515F4 /* Resources */ = {
			isa = PBXResourcesBuildPhase;
			buildActionMask = 2147483647;
			files = (
			);
			runOnlyForDeploymentPostprocessing = 0;
		};
		9CBA6C5B1E16FC2B000B9AE6 /* Resources */ = {
			isa = PBXResourcesBuildPhase;
			buildActionMask = 2147483647;
			files = (
				9C431D561E63094B0009439C /* Media.xcassets in Resources */,
			);
			runOnlyForDeploymentPostprocessing = 0;
		};
		9CC0D7151E22AB15002E4E94 /* Resources */ = {
			isa = PBXResourcesBuildPhase;
			buildActionMask = 2147483647;
			files = (
			);
			runOnlyForDeploymentPostprocessing = 0;
		};
/* End PBXResourcesBuildPhase section */

/* Begin PBXShellScriptBuildPhase section */
		1064727F3787E02D9CFA3173 /* [CP] Check Pods Manifest.lock */ = {
			isa = PBXShellScriptBuildPhase;
			buildActionMask = 2147483647;
			files = (
			);
			inputPaths = (
			);
			name = "[CP] Check Pods Manifest.lock";
			outputPaths = (
			);
			runOnlyForDeploymentPostprocessing = 0;
			shellPath = /bin/sh;
			shellScript = "diff \"${PODS_ROOT}/../Podfile.lock\" \"${PODS_ROOT}/Manifest.lock\" > /dev/null\nif [ $? != 0 ] ; then\n    # print error to STDERR\n    echo \"error: The sandbox is not in sync with the Podfile.lock. Run 'pod install' or update your CocoaPods installation.\" >&2\n    exit 1\nfi\n";
			showEnvVarsInLog = 0;
		};
		1CF7950C44CB289C35D29924 /* [CP] Copy Pods Resources */ = {
			isa = PBXShellScriptBuildPhase;
			buildActionMask = 2147483647;
			files = (
			);
			inputPaths = (
			);
			name = "[CP] Copy Pods Resources";
			outputPaths = (
			);
			runOnlyForDeploymentPostprocessing = 0;
			shellPath = /bin/sh;
			shellScript = "\"${SRCROOT}/Pods/Target Support Files/Pods-wallabagTests/Pods-wallabagTests-resources.sh\"\n";
			showEnvVarsInLog = 0;
		};
		1DF9979C51B322B7FE60E0F4 /* [CP] Embed Pods Frameworks */ = {
			isa = PBXShellScriptBuildPhase;
			buildActionMask = 2147483647;
			files = (
			);
			inputPaths = (
			);
			name = "[CP] Embed Pods Frameworks";
			outputPaths = (
			);
			runOnlyForDeploymentPostprocessing = 0;
			shellPath = /bin/sh;
			shellScript = "\"${SRCROOT}/Pods/Target Support Files/Pods-wallabag/Pods-wallabag-frameworks.sh\"\n";
			showEnvVarsInLog = 0;
		};
		4CACE93B269608251D35CE2C /* [CP] Embed Pods Frameworks */ = {
			isa = PBXShellScriptBuildPhase;
			buildActionMask = 2147483647;
			files = (
			);
			inputPaths = (
			);
			name = "[CP] Embed Pods Frameworks";
			outputPaths = (
			);
			runOnlyForDeploymentPostprocessing = 0;
			shellPath = /bin/sh;
			shellScript = "\"${SRCROOT}/Pods/Target Support Files/Pods-wallabagTests/Pods-wallabagTests-frameworks.sh\"\n";
			showEnvVarsInLog = 0;
		};
		4F23E533812D555DCA923625 /* [CP] Copy Pods Resources */ = {
			isa = PBXShellScriptBuildPhase;
			buildActionMask = 2147483647;
			files = (
			);
			inputPaths = (
			);
			name = "[CP] Copy Pods Resources";
			outputPaths = (
			);
			runOnlyForDeploymentPostprocessing = 0;
			shellPath = /bin/sh;
			shellScript = "\"${SRCROOT}/Pods/Target Support Files/Pods-wallabagUITests/Pods-wallabagUITests-resources.sh\"\n";
			showEnvVarsInLog = 0;
		};
		675CB1B13E826E9746D3DE45 /* [CP] Check Pods Manifest.lock */ = {
			isa = PBXShellScriptBuildPhase;
			buildActionMask = 2147483647;
			files = (
			);
			inputPaths = (
			);
			name = "[CP] Check Pods Manifest.lock";
			outputPaths = (
			);
			runOnlyForDeploymentPostprocessing = 0;
			shellPath = /bin/sh;
			shellScript = "diff \"${PODS_ROOT}/../Podfile.lock\" \"${PODS_ROOT}/Manifest.lock\" > /dev/null\nif [ $? != 0 ] ; then\n    # print error to STDERR\n    echo \"error: The sandbox is not in sync with the Podfile.lock. Run 'pod install' or update your CocoaPods installation.\" >&2\n    exit 1\nfi\n";
			showEnvVarsInLog = 0;
		};
		9C32BF121E369FBB00199DF2 /* ShellScript */ = {
			isa = PBXShellScriptBuildPhase;
			buildActionMask = 2147483647;
			files = (
			);
			inputPaths = (
			);
			outputPaths = (
			);
			runOnlyForDeploymentPostprocessing = 0;
			shellPath = /bin/sh;
			shellScript = "if which swiftlint >/dev/null; then\nswiftlint\nelse\necho \"warning: SwiftLint not installed, download from https://github.com/realm/SwiftLint\"\nfi";
		};
		BDE3CDF5182757371AC5B97E /* [CP] Check Pods Manifest.lock */ = {
			isa = PBXShellScriptBuildPhase;
			buildActionMask = 2147483647;
			files = (
			);
			inputPaths = (
			);
			name = "[CP] Check Pods Manifest.lock";
			outputPaths = (
			);
			runOnlyForDeploymentPostprocessing = 0;
			shellPath = /bin/sh;
			shellScript = "diff \"${PODS_ROOT}/../Podfile.lock\" \"${PODS_ROOT}/Manifest.lock\" > /dev/null\nif [ $? != 0 ] ; then\n    # print error to STDERR\n    echo \"error: The sandbox is not in sync with the Podfile.lock. Run 'pod install' or update your CocoaPods installation.\" >&2\n    exit 1\nfi\n";
			showEnvVarsInLog = 0;
		};
		C232E5C2161397CCEC0196CF /* [CP] Copy Pods Resources */ = {
			isa = PBXShellScriptBuildPhase;
			buildActionMask = 2147483647;
			files = (
			);
			inputPaths = (
			);
			name = "[CP] Copy Pods Resources";
			outputPaths = (
			);
			runOnlyForDeploymentPostprocessing = 0;
			shellPath = /bin/sh;
			shellScript = "\"${SRCROOT}/Pods/Target Support Files/Pods-bagit/Pods-bagit-resources.sh\"\n";
			showEnvVarsInLog = 0;
		};
		C30604D19CABD26626D9E3A3 /* [CP] Check Pods Manifest.lock */ = {
			isa = PBXShellScriptBuildPhase;
			buildActionMask = 2147483647;
			files = (
			);
			inputPaths = (
			);
			name = "[CP] Check Pods Manifest.lock";
			outputPaths = (
			);
			runOnlyForDeploymentPostprocessing = 0;
			shellPath = /bin/sh;
			shellScript = "diff \"${PODS_ROOT}/../Podfile.lock\" \"${PODS_ROOT}/Manifest.lock\" > /dev/null\nif [ $? != 0 ] ; then\n    # print error to STDERR\n    echo \"error: The sandbox is not in sync with the Podfile.lock. Run 'pod install' or update your CocoaPods installation.\" >&2\n    exit 1\nfi\n";
			showEnvVarsInLog = 0;
		};
		C63B0385014D4D2A027B3CAF /* [CP] Copy Pods Resources */ = {
			isa = PBXShellScriptBuildPhase;
			buildActionMask = 2147483647;
			files = (
			);
			inputPaths = (
			);
			name = "[CP] Copy Pods Resources";
			outputPaths = (
			);
			runOnlyForDeploymentPostprocessing = 0;
			shellPath = /bin/sh;
			shellScript = "\"${SRCROOT}/Pods/Target Support Files/Pods-wallabag/Pods-wallabag-resources.sh\"\n";
			showEnvVarsInLog = 0;
		};
		F2C3071BD713B0BBD1EA4C02 /* [CP] Embed Pods Frameworks */ = {
			isa = PBXShellScriptBuildPhase;
			buildActionMask = 2147483647;
			files = (
			);
			inputPaths = (
			);
			name = "[CP] Embed Pods Frameworks";
			outputPaths = (
			);
			runOnlyForDeploymentPostprocessing = 0;
			shellPath = /bin/sh;
			shellScript = "\"${SRCROOT}/Pods/Target Support Files/Pods-wallabagUITests/Pods-wallabagUITests-frameworks.sh\"\n";
			showEnvVarsInLog = 0;
		};
/* End PBXShellScriptBuildPhase section */

/* Begin PBXSourcesBuildPhase section */
		9C987A3F1DB79826005515F4 /* Sources */ = {
			isa = PBXSourcesBuildPhase;
			buildActionMask = 2147483647;
			files = (
				9C21927D1DBFF44700F628C2 /* ArticleTableViewCell.swift in Sources */,
				9CF1F2251DBE9D150086B98B /* LoginViewController.swift in Sources */,
				9CE369741DE632030005E20E /* SettingsTableViewController.swift in Sources */,
				9CA9659B1F16B68B009C6377 /* White.swift in Sources */,
				9CA9659F1F16B71E009C6377 /* Dusk.swift in Sources */,
				9C914A4A1EBD1D6000973BA6 /* CoreData.swift in Sources */,
				9C4BFBE01EC08EF200B75EFB /* Entry+CoreDataClass.swift in Sources */,
				9CA965A11F16B729009C6377 /* Night.swift in Sources */,
				9C4BFBE11EC08EF200B75EFB /* Entry+CoreDataProperties.swift in Sources */,
				9C181B881DB8E27000D941EB /* ArticlesTableViewController.swift in Sources */,
				9C75961E1DBD59330096614B /* ArticleViewController.swift in Sources */,
				9C7B79E41EBF7E37004559B1 /* wallabag2.xcdatamodeld in Sources */,
				9CF1F2231DBE9B800086B98B /* ClientIdViewController.swift in Sources */,
				9CF1F2211DBE97D80086B98B /* ServerViewController.swift in Sources */,
				9CE369761DE63D030005E20E /* Setting.swift in Sources */,
				9C7B79E61EBF8070004559B1 /* ArticleSync.swift in Sources */,
				9C8B20A21F2612BA0084BBAA /* VoiceChoiceTableViewController.swift in Sources */,
				9C9034881E5A26D90074540B /* ThemeManager.swift in Sources */,
				9CE9F2061DE2151B002E06F5 /* AboutViewController.swift in Sources */,
				9CF1F21C1DBE943C0086B98B /* HomeViewController.swift in Sources */,
				9C8311861E06F56C004ACD5D /* ThemedTableViewCell.swift in Sources */,
				9C75961C1DBB567E0096614B /* String.swift in Sources */,
				9CC4B0611DC5361000BC6830 /* Dictionary.swift in Sources */,
				9CA9659D1F16B6B9009C6377 /* Light.swift in Sources */,
				9C65DEB11DC5EE85002CA068 /* Int.swift in Sources */,
				9C298B131E0BF8F400B72503 /* ThemeChoiceTableViewController.swift in Sources */,
				9C987A471DB79826005515F4 /* AppDelegate.swift in Sources */,
				9C25C9B81EEC99D700B97F6D /* TipViewController.swift in Sources */,
				9C987A4F1DB79826005515F4 /* wallabag.xcdatamodeld in Sources */,
			);
			runOnlyForDeploymentPostprocessing = 0;
		};
		9C987A561DB79826005515F4 /* Sources */ = {
			isa = PBXSourcesBuildPhase;
			buildActionMask = 2147483647;
			files = (
				9C2A2DB21DD4A96B00EDA4E8 /* IntTests.swift in Sources */,
				9C2A2DB41DD4AA1D00EDA4E8 /* StringTests.swift in Sources */,
				9C2A2DAF1DD4A82A00EDA4E8 /* DictionaryTests.swift in Sources */,
			);
			runOnlyForDeploymentPostprocessing = 0;
		};
		9C987A611DB79826005515F4 /* Sources */ = {
			isa = PBXSourcesBuildPhase;
			buildActionMask = 2147483647;
			files = (
				9C0BF8BA1EC723CF00CEBE93 /* ArticlesUITests.swift in Sources */,
				9CEC09001E1BC069002DC81D /* RegisterProcessUITests.swift in Sources */,
			);
			runOnlyForDeploymentPostprocessing = 0;
		};
		9CBA6C591E16FC2B000B9AE6 /* Sources */ = {
			isa = PBXSourcesBuildPhase;
			buildActionMask = 2147483647;
			files = (
				9CBA6C601E16FC2B000B9AE6 /* ShareViewController.swift in Sources */,
			);
			runOnlyForDeploymentPostprocessing = 0;
		};
		9CC0D7131E22AB15002E4E94 /* Sources */ = {
			isa = PBXSourcesBuildPhase;
			buildActionMask = 2147483647;
			files = (
				9CC0D71A1E22AB15002E4E94 /* wallabagScreenshotUITests.swift in Sources */,
				9CC0D7211E22AB55002E4E94 /* SnapshotHelper.swift in Sources */,
			);
			runOnlyForDeploymentPostprocessing = 0;
		};
/* End PBXSourcesBuildPhase section */

/* Begin PBXTargetDependency section */
		9C987A5C1DB79826005515F4 /* PBXTargetDependency */ = {
			isa = PBXTargetDependency;
			target = 9C987A421DB79826005515F4 /* wallabag */;
			targetProxy = 9C987A5B1DB79826005515F4 /* PBXContainerItemProxy */;
		};
		9C987A671DB79826005515F4 /* PBXTargetDependency */ = {
			isa = PBXTargetDependency;
			target = 9C987A421DB79826005515F4 /* wallabag */;
			targetProxy = 9C987A661DB79826005515F4 /* PBXContainerItemProxy */;
		};
		9CBA6C661E16FC2B000B9AE6 /* PBXTargetDependency */ = {
			isa = PBXTargetDependency;
			target = 9CBA6C5C1E16FC2B000B9AE6 /* bagit */;
			targetProxy = 9CBA6C651E16FC2B000B9AE6 /* PBXContainerItemProxy */;
		};
		9CBA6C721E1703E1000B9AE6 /* PBXTargetDependency */ = {
			isa = PBXTargetDependency;
			target = 9C987A421DB79826005515F4 /* wallabag */;
			targetProxy = 9CBA6C711E1703E1000B9AE6 /* PBXContainerItemProxy */;
		};
		9CC0D71D1E22AB15002E4E94 /* PBXTargetDependency */ = {
			isa = PBXTargetDependency;
			target = 9C987A421DB79826005515F4 /* wallabag */;
			targetProxy = 9CC0D71C1E22AB15002E4E94 /* PBXContainerItemProxy */;
		};
/* End PBXTargetDependency section */

/* Begin PBXVariantGroup section */
		9C987A4A1DB79826005515F4 /* Main.storyboard */ = {
			isa = PBXVariantGroup;
			children = (
				9C987A4B1DB79826005515F4 /* Base */,
				9CF4FECB1EEB2B9D00653B90 /* fr */,
				9CF4FECE1EEB2C4300653B90 /* de */,
			);
			name = Main.storyboard;
			path = .;
			sourceTree = "<group>";
		};
		9C987A521DB79826005515F4 /* LaunchScreen.storyboard */ = {
			isa = PBXVariantGroup;
			children = (
				9C987A531DB79826005515F4 /* Base */,
				9CF4FECA1EEB2B9C00653B90 /* fr */,
				9CF4FECD1EEB2C4300653B90 /* de */,
			);
			name = LaunchScreen.storyboard;
			path = .;
			sourceTree = "<group>";
		};
		9CF4FED41EEB2F7E00653B90 /* Localizable.strings */ = {
			isa = PBXVariantGroup;
			children = (
				9CF4FED31EEB2F7E00653B90 /* Base */,
				9CF4FED61EEB2FB300653B90 /* fr */,
				9CF4FED71EEB2FB500653B90 /* de */,
			);
			name = Localizable.strings;
			sourceTree = "<group>";
		};
/* End PBXVariantGroup section */

/* Begin XCBuildConfiguration section */
		9C987A6C1DB79826005515F4 /* Debug */ = {
			isa = XCBuildConfiguration;
			buildSettings = {
				ALWAYS_SEARCH_USER_PATHS = NO;
				CLANG_ANALYZER_LOCALIZABILITY_NONLOCALIZED = YES;
				CLANG_ANALYZER_NONNULL = YES;
				CLANG_CXX_LANGUAGE_STANDARD = "gnu++0x";
				CLANG_CXX_LIBRARY = "libc++";
				CLANG_ENABLE_MODULES = YES;
				CLANG_ENABLE_OBJC_ARC = YES;
				CLANG_WARN_BOOL_CONVERSION = YES;
				CLANG_WARN_CONSTANT_CONVERSION = YES;
				CLANG_WARN_DIRECT_OBJC_ISA_USAGE = YES_ERROR;
				CLANG_WARN_DOCUMENTATION_COMMENTS = YES;
				CLANG_WARN_EMPTY_BODY = YES;
				CLANG_WARN_ENUM_CONVERSION = YES;
				CLANG_WARN_INFINITE_RECURSION = YES;
				CLANG_WARN_INT_CONVERSION = YES;
				CLANG_WARN_OBJC_ROOT_CLASS = YES_ERROR;
				CLANG_WARN_SUSPICIOUS_MOVE = YES;
				CLANG_WARN_SUSPICIOUS_MOVES = YES;
				CLANG_WARN_UNREACHABLE_CODE = YES;
				CLANG_WARN__DUPLICATE_METHOD_MATCH = YES;
				"CODE_SIGN_IDENTITY[sdk=iphoneos*]" = "iPhone Developer";
				COPY_PHASE_STRIP = NO;
				DEBUG_INFORMATION_FORMAT = dwarf;
				ENABLE_STRICT_OBJC_MSGSEND = YES;
				ENABLE_TESTABILITY = YES;
				GCC_C_LANGUAGE_STANDARD = gnu99;
				GCC_DYNAMIC_NO_PIC = NO;
				GCC_NO_COMMON_BLOCKS = YES;
				GCC_OPTIMIZATION_LEVEL = 0;
				GCC_PREPROCESSOR_DEFINITIONS = (
					"DEBUG=1",
					"$(inherited)",
				);
				GCC_WARN_64_TO_32_BIT_CONVERSION = YES;
				GCC_WARN_ABOUT_RETURN_TYPE = YES_ERROR;
				GCC_WARN_UNDECLARED_SELECTOR = YES;
				GCC_WARN_UNINITIALIZED_AUTOS = YES_AGGRESSIVE;
				GCC_WARN_UNUSED_FUNCTION = YES;
				GCC_WARN_UNUSED_VARIABLE = YES;
				IPHONEOS_DEPLOYMENT_TARGET = 9.0;
				MTL_ENABLE_DEBUG_INFO = YES;
				ONLY_ACTIVE_ARCH = YES;
				SDKROOT = iphoneos;
				SWIFT_ACTIVE_COMPILATION_CONDITIONS = DEBUG;
				SWIFT_OPTIMIZATION_LEVEL = "-Onone";
				TARGETED_DEVICE_FAMILY = "1,2";
			};
			name = Debug;
		};
		9C987A6D1DB79826005515F4 /* Release */ = {
			isa = XCBuildConfiguration;
			buildSettings = {
				ALWAYS_SEARCH_USER_PATHS = NO;
				CLANG_ANALYZER_LOCALIZABILITY_NONLOCALIZED = YES;
				CLANG_ANALYZER_NONNULL = YES;
				CLANG_CXX_LANGUAGE_STANDARD = "gnu++0x";
				CLANG_CXX_LIBRARY = "libc++";
				CLANG_ENABLE_MODULES = YES;
				CLANG_ENABLE_OBJC_ARC = YES;
				CLANG_WARN_BOOL_CONVERSION = YES;
				CLANG_WARN_CONSTANT_CONVERSION = YES;
				CLANG_WARN_DIRECT_OBJC_ISA_USAGE = YES_ERROR;
				CLANG_WARN_DOCUMENTATION_COMMENTS = YES;
				CLANG_WARN_EMPTY_BODY = YES;
				CLANG_WARN_ENUM_CONVERSION = YES;
				CLANG_WARN_INFINITE_RECURSION = YES;
				CLANG_WARN_INT_CONVERSION = YES;
				CLANG_WARN_OBJC_ROOT_CLASS = YES_ERROR;
				CLANG_WARN_SUSPICIOUS_MOVE = YES;
				CLANG_WARN_SUSPICIOUS_MOVES = YES;
				CLANG_WARN_UNREACHABLE_CODE = YES;
				CLANG_WARN__DUPLICATE_METHOD_MATCH = YES;
				"CODE_SIGN_IDENTITY[sdk=iphoneos*]" = "iPhone Developer";
				COPY_PHASE_STRIP = NO;
				DEBUG_INFORMATION_FORMAT = "dwarf-with-dsym";
				ENABLE_NS_ASSERTIONS = NO;
				ENABLE_STRICT_OBJC_MSGSEND = YES;
				GCC_C_LANGUAGE_STANDARD = gnu99;
				GCC_NO_COMMON_BLOCKS = YES;
				GCC_WARN_64_TO_32_BIT_CONVERSION = YES;
				GCC_WARN_ABOUT_RETURN_TYPE = YES_ERROR;
				GCC_WARN_UNDECLARED_SELECTOR = YES;
				GCC_WARN_UNINITIALIZED_AUTOS = YES_AGGRESSIVE;
				GCC_WARN_UNUSED_FUNCTION = YES;
				GCC_WARN_UNUSED_VARIABLE = YES;
				IPHONEOS_DEPLOYMENT_TARGET = 9.0;
				MTL_ENABLE_DEBUG_INFO = NO;
				SDKROOT = iphoneos;
				SWIFT_OPTIMIZATION_LEVEL = "-Owholemodule";
				TARGETED_DEVICE_FAMILY = "1,2";
				VALIDATE_PRODUCT = YES;
			};
			name = Release;
		};
		9C987A6F1DB79826005515F4 /* Debug */ = {
			isa = XCBuildConfiguration;
			baseConfigurationReference = C5054CFAAEF931DD2335077B /* Pods-wallabag.debug.xcconfig */;
			buildSettings = {
				ALWAYS_EMBED_SWIFT_STANDARD_LIBRARIES = "$(inherited)";
				ASSETCATALOG_COMPILER_APPICON_NAME = AppIcon;
				CODE_SIGN_ENTITLEMENTS = wallabag/wallabag.entitlements;
				CURRENT_PROJECT_VERSION = 64;
				DEVELOPMENT_TEAM = G97URPCGB8;
				INFOPLIST_FILE = wallabag/Info.plist;
				LD_RUNPATH_SEARCH_PATHS = "$(inherited) @executable_path/Frameworks";
				PRODUCT_BUNDLE_IDENTIFIER = "fr.district-web.wallabag";
				PRODUCT_NAME = "$(TARGET_NAME)";
				SWIFT_VERSION = 3.0;
				VERSIONING_SYSTEM = "apple-generic";
			};
			name = Debug;
		};
		9C987A701DB79826005515F4 /* Release */ = {
			isa = XCBuildConfiguration;
			baseConfigurationReference = D492A4BFBC05746741AD48FD /* Pods-wallabag.release.xcconfig */;
			buildSettings = {
				ALWAYS_EMBED_SWIFT_STANDARD_LIBRARIES = "$(inherited)";
				ASSETCATALOG_COMPILER_APPICON_NAME = AppIcon;
				CODE_SIGN_ENTITLEMENTS = wallabag/wallabag.entitlements;
				CURRENT_PROJECT_VERSION = 64;
				DEVELOPMENT_TEAM = G97URPCGB8;
				INFOPLIST_FILE = wallabag/Info.plist;
				LD_RUNPATH_SEARCH_PATHS = "$(inherited) @executable_path/Frameworks";
				PRODUCT_BUNDLE_IDENTIFIER = "fr.district-web.wallabag";
				PRODUCT_NAME = "$(TARGET_NAME)";
				SWIFT_VERSION = 3.0;
				VERSIONING_SYSTEM = "apple-generic";
			};
			name = Release;
		};
		9C987A721DB79826005515F4 /* Debug */ = {
			isa = XCBuildConfiguration;
			baseConfigurationReference = 7438BB540252BD33025E60F9 /* Pods-wallabagTests.debug.xcconfig */;
			buildSettings = {
				ALWAYS_EMBED_SWIFT_STANDARD_LIBRARIES = "$(inherited)";
				BUNDLE_LOADER = "$(TEST_HOST)";
				DEVELOPMENT_TEAM = G97URPCGB8;
				INFOPLIST_FILE = wallabagTests/Info.plist;
				LD_RUNPATH_SEARCH_PATHS = "$(inherited) @executable_path/Frameworks @loader_path/Frameworks";
				PRODUCT_BUNDLE_IDENTIFIER = "fr.district-web.wallabagTests";
				PRODUCT_NAME = "$(TARGET_NAME)";
				SWIFT_VERSION = 3.0;
				TEST_HOST = "$(BUILT_PRODUCTS_DIR)/wallabag.app/wallabag";
			};
			name = Debug;
		};
		9C987A731DB79826005515F4 /* Release */ = {
			isa = XCBuildConfiguration;
			baseConfigurationReference = 94D0C2FA2C870EE989B2406D /* Pods-wallabagTests.release.xcconfig */;
			buildSettings = {
				ALWAYS_EMBED_SWIFT_STANDARD_LIBRARIES = "$(inherited)";
				BUNDLE_LOADER = "$(TEST_HOST)";
				DEVELOPMENT_TEAM = G97URPCGB8;
				INFOPLIST_FILE = wallabagTests/Info.plist;
				LD_RUNPATH_SEARCH_PATHS = "$(inherited) @executable_path/Frameworks @loader_path/Frameworks";
				PRODUCT_BUNDLE_IDENTIFIER = "fr.district-web.wallabagTests";
				PRODUCT_NAME = "$(TARGET_NAME)";
				SWIFT_VERSION = 3.0;
				TEST_HOST = "$(BUILT_PRODUCTS_DIR)/wallabag.app/wallabag";
			};
			name = Release;
		};
		9C987A751DB79826005515F4 /* Debug */ = {
			isa = XCBuildConfiguration;
			baseConfigurationReference = 33649D7F894D49168B9683D2 /* Pods-wallabagUITests.debug.xcconfig */;
			buildSettings = {
				ALWAYS_EMBED_SWIFT_STANDARD_LIBRARIES = "$(inherited)";
				DEVELOPMENT_TEAM = G97URPCGB8;
				INFOPLIST_FILE = wallabagUITests/Info.plist;
				LD_RUNPATH_SEARCH_PATHS = "$(inherited) @executable_path/Frameworks @loader_path/Frameworks";
				PRODUCT_BUNDLE_IDENTIFIER = "fr.district-web.wallabagUITests";
				PRODUCT_NAME = "$(TARGET_NAME)";
				SWIFT_VERSION = 3.0;
				TEST_TARGET_NAME = wallabag;
			};
			name = Debug;
		};
		9C987A761DB79826005515F4 /* Release */ = {
			isa = XCBuildConfiguration;
			baseConfigurationReference = 9B9EB64D938632DA7CDDFD2A /* Pods-wallabagUITests.release.xcconfig */;
			buildSettings = {
				ALWAYS_EMBED_SWIFT_STANDARD_LIBRARIES = "$(inherited)";
				DEVELOPMENT_TEAM = G97URPCGB8;
				INFOPLIST_FILE = wallabagUITests/Info.plist;
				LD_RUNPATH_SEARCH_PATHS = "$(inherited) @executable_path/Frameworks @loader_path/Frameworks";
				PRODUCT_BUNDLE_IDENTIFIER = "fr.district-web.wallabagUITests";
				PRODUCT_NAME = "$(TARGET_NAME)";
				SWIFT_VERSION = 3.0;
				TEST_TARGET_NAME = wallabag;
			};
			name = Release;
		};
		9CBA6C681E16FC2B000B9AE6 /* Debug */ = {
			isa = XCBuildConfiguration;
			baseConfigurationReference = A6538EB964B457B5B3DC7B46 /* Pods-bagit.debug.xcconfig */;
			buildSettings = {
				CODE_SIGN_ENTITLEMENTS = bagit/bagit.entitlements;
				DEVELOPMENT_TEAM = G97URPCGB8;
				INFOPLIST_FILE = bagit/Info.plist;
				IPHONEOS_DEPLOYMENT_TARGET = 9.0;
				LD_RUNPATH_SEARCH_PATHS = "$(inherited) @executable_path/Frameworks @executable_path/../../Frameworks";
				PRODUCT_BUNDLE_IDENTIFIER = "fr.district-web.wallabag.bagit";
				PRODUCT_NAME = "$(TARGET_NAME)";
				SKIP_INSTALL = YES;
				SWIFT_VERSION = 3.0;
			};
			name = Debug;
		};
		9CBA6C691E16FC2B000B9AE6 /* Release */ = {
			isa = XCBuildConfiguration;
			baseConfigurationReference = 081F547345F9E70248A02531 /* Pods-bagit.release.xcconfig */;
			buildSettings = {
				CODE_SIGN_ENTITLEMENTS = bagit/bagit.entitlements;
				DEVELOPMENT_TEAM = G97URPCGB8;
				INFOPLIST_FILE = bagit/Info.plist;
				IPHONEOS_DEPLOYMENT_TARGET = 9.0;
				LD_RUNPATH_SEARCH_PATHS = "$(inherited) @executable_path/Frameworks @executable_path/../../Frameworks";
				PRODUCT_BUNDLE_IDENTIFIER = "fr.district-web.wallabag.bagit";
				PRODUCT_NAME = "$(TARGET_NAME)";
				SKIP_INSTALL = YES;
				SWIFT_VERSION = 3.0;
			};
			name = Release;
		};
		9CC0D71E1E22AB15002E4E94 /* Debug */ = {
			isa = XCBuildConfiguration;
			buildSettings = {
				ALWAYS_EMBED_SWIFT_STANDARD_LIBRARIES = "$(inherited)";
				DEVELOPMENT_TEAM = G97URPCGB8;
				INFOPLIST_FILE = wallabagScreenshotUITests/Info.plist;
				IPHONEOS_DEPLOYMENT_TARGET = 10.2;
				LD_RUNPATH_SEARCH_PATHS = "$(inherited) @executable_path/Frameworks @loader_path/Frameworks";
				PRODUCT_BUNDLE_IDENTIFIER = "fr.district-web.wallabagScreenshotUITests";
				PRODUCT_NAME = "$(TARGET_NAME)";
				SWIFT_VERSION = 3.0;
				TEST_TARGET_NAME = wallabag;
			};
			name = Debug;
		};
		9CC0D71F1E22AB15002E4E94 /* Release */ = {
			isa = XCBuildConfiguration;
			buildSettings = {
				ALWAYS_EMBED_SWIFT_STANDARD_LIBRARIES = "$(inherited)";
				DEVELOPMENT_TEAM = G97URPCGB8;
				INFOPLIST_FILE = wallabagScreenshotUITests/Info.plist;
				IPHONEOS_DEPLOYMENT_TARGET = 10.2;
				LD_RUNPATH_SEARCH_PATHS = "$(inherited) @executable_path/Frameworks @loader_path/Frameworks";
				PRODUCT_BUNDLE_IDENTIFIER = "fr.district-web.wallabagScreenshotUITests";
				PRODUCT_NAME = "$(TARGET_NAME)";
				SWIFT_VERSION = 3.0;
				TEST_TARGET_NAME = wallabag;
			};
			name = Release;
		};
/* End XCBuildConfiguration section */

/* Begin XCConfigurationList section */
		9C987A3E1DB79826005515F4 /* Build configuration list for PBXProject "wallabag" */ = {
			isa = XCConfigurationList;
			buildConfigurations = (
				9C987A6C1DB79826005515F4 /* Debug */,
				9C987A6D1DB79826005515F4 /* Release */,
			);
			defaultConfigurationIsVisible = 0;
			defaultConfigurationName = Release;
		};
		9C987A6E1DB79826005515F4 /* Build configuration list for PBXNativeTarget "wallabag" */ = {
			isa = XCConfigurationList;
			buildConfigurations = (
				9C987A6F1DB79826005515F4 /* Debug */,
				9C987A701DB79826005515F4 /* Release */,
			);
			defaultConfigurationIsVisible = 0;
			defaultConfigurationName = Release;
		};
		9C987A711DB79826005515F4 /* Build configuration list for PBXNativeTarget "wallabagTests" */ = {
			isa = XCConfigurationList;
			buildConfigurations = (
				9C987A721DB79826005515F4 /* Debug */,
				9C987A731DB79826005515F4 /* Release */,
			);
			defaultConfigurationIsVisible = 0;
			defaultConfigurationName = Release;
		};
		9C987A741DB79826005515F4 /* Build configuration list for PBXNativeTarget "wallabagUITests" */ = {
			isa = XCConfigurationList;
			buildConfigurations = (
				9C987A751DB79826005515F4 /* Debug */,
				9C987A761DB79826005515F4 /* Release */,
			);
			defaultConfigurationIsVisible = 0;
			defaultConfigurationName = Release;
		};
		9CBA6C6A1E16FC2B000B9AE6 /* Build configuration list for PBXNativeTarget "bagit" */ = {
			isa = XCConfigurationList;
			buildConfigurations = (
				9CBA6C681E16FC2B000B9AE6 /* Debug */,
				9CBA6C691E16FC2B000B9AE6 /* Release */,
			);
			defaultConfigurationIsVisible = 0;
			defaultConfigurationName = Release;
		};
		9CC0D7201E22AB15002E4E94 /* Build configuration list for PBXNativeTarget "wallabagScreenshotUITests" */ = {
			isa = XCConfigurationList;
			buildConfigurations = (
				9CC0D71E1E22AB15002E4E94 /* Debug */,
				9CC0D71F1E22AB15002E4E94 /* Release */,
			);
			defaultConfigurationIsVisible = 0;
			defaultConfigurationName = Release;
		};
/* End XCConfigurationList section */

/* Begin XCVersionGroup section */
		9C7B79E21EBF7E37004559B1 /* wallabag2.xcdatamodeld */ = {
			isa = XCVersionGroup;
			children = (
				9C7B79E31EBF7E37004559B1 /* wallabag2.xcdatamodel */,
				9C0C65961EE81E26008FFE4D /* wallabag2v2.xcdatamodel */,
			);
			currentVersion = 9C0C65961EE81E26008FFE4D /* wallabag2v2.xcdatamodel */;
			path = wallabag2.xcdatamodeld;
			sourceTree = "<group>";
			versionGroupType = wrapper.xcdatamodel;
		};
		9C987A4D1DB79826005515F4 /* wallabag.xcdatamodeld */ = {
			isa = XCVersionGroup;
			children = (
				9C987A4E1DB79826005515F4 /* wallabag.xcdatamodel */,
			);
			currentVersion = 9C987A4E1DB79826005515F4 /* wallabag.xcdatamodel */;
			path = wallabag.xcdatamodeld;
			sourceTree = "<group>";
			versionGroupType = wrapper.xcdatamodel;
		};
/* End XCVersionGroup section */
	};
	rootObject = 9C987A3B1DB79826005515F4 /* Project object */;
}
